
Microsoft Visual Studio Solution File, Format Version 12.00
# Visual Studio 15
VisualStudioVersion = 15.0.26124.0
MinimumVisualStudioVersion = 15.0.26124.0
Project("{2150E333-8FDC-42A3-9474-1A3956D46DE8}") = "sample", "sample", "{338E3159-D99C-4312-9EF8-813DF4143A93}"
EndProject
Project("{2150E333-8FDC-42A3-9474-1A3956D46DE8}") = "src", "src", "{BBC6AF70-5C60-4D98-AA43-812DD27A1AA3}"
EndProject
Project("{9A19103F-16F7-4668-BE54-9A1E7A4F7556}") = "Diaggregator", "src\Diaggregator\Diaggregator.csproj", "{6FBC44D5-20AD-46F9-9B02-C3F0AA8741E8}"
EndProject
Project("{FAE04EC0-301F-11D3-BF4B-00C04F79EFBC}") = "DiaggregatorApp", "sample\DiaggregatorApp\DiaggregatorApp.csproj", "{088939DB-5972-4F0A-A9D6-3354590E6FBF}"
EndProject
Global
	GlobalSection(SolutionConfigurationPlatforms) = preSolution
		Debug|Any CPU = Debug|Any CPU
		Debug|x64 = Debug|x64
		Debug|x86 = Debug|x86
		Release|Any CPU = Release|Any CPU
		Release|x64 = Release|x64
		Release|x86 = Release|x86
	EndGlobalSection
	GlobalSection(ProjectConfigurationPlatforms) = postSolution
		{6FBC44D5-20AD-46F9-9B02-C3F0AA8741E8}.Debug|Any CPU.ActiveCfg = Debug|Any CPU
		{6FBC44D5-20AD-46F9-9B02-C3F0AA8741E8}.Debug|Any CPU.Build.0 = Debug|Any CPU
		{6FBC44D5-20AD-46F9-9B02-C3F0AA8741E8}.Debug|x64.ActiveCfg = Debug|Any CPU
		{6FBC44D5-20AD-46F9-9B02-C3F0AA8741E8}.Debug|x64.Build.0 = Debug|Any CPU
		{6FBC44D5-20AD-46F9-9B02-C3F0AA8741E8}.Debug|x86.ActiveCfg = Debug|Any CPU
		{6FBC44D5-20AD-46F9-9B02-C3F0AA8741E8}.Debug|x86.Build.0 = Debug|Any CPU
		{6FBC44D5-20AD-46F9-9B02-C3F0AA8741E8}.Release|Any CPU.ActiveCfg = Release|Any CPU
		{6FBC44D5-20AD-46F9-9B02-C3F0AA8741E8}.Release|Any CPU.Build.0 = Release|Any CPU
		{6FBC44D5-20AD-46F9-9B02-C3F0AA8741E8}.Release|x64.ActiveCfg = Release|Any CPU
		{6FBC44D5-20AD-46F9-9B02-C3F0AA8741E8}.Release|x64.Build.0 = Release|Any CPU
		{6FBC44D5-20AD-46F9-9B02-C3F0AA8741E8}.Release|x86.ActiveCfg = Release|Any CPU
		{6FBC44D5-20AD-46F9-9B02-C3F0AA8741E8}.Release|x86.Build.0 = Release|Any CPU
		{088939DB-5972-4F0A-A9D6-3354590E6FBF}.Debug|Any CPU.ActiveCfg = Debug|Any CPU
		{088939DB-5972-4F0A-A9D6-3354590E6FBF}.Debug|Any CPU.Build.0 = Debug|Any CPU
		{088939DB-5972-4F0A-A9D6-3354590E6FBF}.Debug|x64.ActiveCfg = Debug|Any CPU
		{088939DB-5972-4F0A-A9D6-3354590E6FBF}.Debug|x64.Build.0 = Debug|Any CPU
		{088939DB-5972-4F0A-A9D6-3354590E6FBF}.Debug|x86.ActiveCfg = Debug|Any CPU
		{088939DB-5972-4F0A-A9D6-3354590E6FBF}.Debug|x86.Build.0 = Debug|Any CPU
		{088939DB-5972-4F0A-A9D6-3354590E6FBF}.Release|Any CPU.ActiveCfg = Release|Any CPU
		{088939DB-5972-4F0A-A9D6-3354590E6FBF}.Release|Any CPU.Build.0 = Release|Any CPU
		{088939DB-5972-4F0A-A9D6-3354590E6FBF}.Release|x64.ActiveCfg = Release|Any CPU
		{088939DB-5972-4F0A-A9D6-3354590E6FBF}.Release|x64.Build.0 = Release|Any CPU
		{088939DB-5972-4F0A-A9D6-3354590E6FBF}.Release|x86.ActiveCfg = Release|Any CPU
		{088939DB-5972-4F0A-A9D6-3354590E6FBF}.Release|x86.Build.0 = Release|Any CPU
	EndGlobalSection
	GlobalSection(SolutionProperties) = preSolution
		HideSolutionNode = FALSE
	EndGlobalSection
	GlobalSection(NestedProjects) = preSolution
		{6FBC44D5-20AD-46F9-9B02-C3F0AA8741E8} = {BBC6AF70-5C60-4D98-AA43-812DD27A1AA3}
		{088939DB-5972-4F0A-A9D6-3354590E6FBF} = {338E3159-D99C-4312-9EF8-813DF4143A93}
	EndGlobalSection
	GlobalSection(ExtensibilityGlobals) = postSolution
		SolutionGuid = {8006B17A-7281-4E71-9C55-9B3D12A34AA3}
	EndGlobalSection
EndGlobal
